{
  "name": "elm",
  "lockfileVersion": 3,
  "requires": true,
  "packages": {
    "": {
      "dependencies": {
        "swipl": "^1.0.6"
      }
    },
    "node_modules/nan": {
      "version": "2.20.0",
      "resolved": "https://registry.npmjs.org/nan/-/nan-2.20.0.tgz",
      "integrity": "sha512-bk3gXBZDGILuuo/6sKtr0DQmSThYHLtNCdSdXk9YkxD/jK6X2vmCyyXBBxyqZ4XcnzTyYEAThfX3DCEnLf6igw=="
    },
    "node_modules/swipl": {
      "version": "1.0.6",
      "resolved": "https://registry.npmjs.org/swipl/-/swipl-1.0.6.tgz",
      "integrity": "sha512-+lAZ48e00bVv9DXBq5QPBuH5Mxj9Hys+mQ0vda05gX1MtjIzRQaPKSDmtyW/4cirtGC8QADWxvz92R/4oihmlg==",
      "hasInstallScript": true,
      "dependencies": {
        "nan": "^2.4.0"
      },
      "engines": {
        "node": ">= 7"
      }
    }
  }
}
